// !$*UTF8*$!
{
	archiveVersion = 1;
	classes = {
	};
	objectVersion = 46;
	objects = {

/* Begin PBXBuildFile section */
		000C737D1BE85503008A3456 /* WCComputedMeasurement.m in Sources */ = {isa = PBXBuildFile; fileRef = 000C737C1BE85503008A3456 /* WCComputedMeasurement.m */; };
		000C737F1BE85596008A3456 /* WCComputedMeasurementSpec.m in Sources */ = {isa = PBXBuildFile; fileRef = 000C737E1BE85596008A3456 /* WCComputedMeasurementSpec.m */; };
		001618D51BE99DAB00D120CF /* NSDecimalNumber+SQSFraction.m in Sources */ = {isa = PBXBuildFile; fileRef = 001618D11BE99DAB00D120CF /* NSDecimalNumber+SQSFraction.m */; };
		001618D61BE99DAB00D120CF /* SQSFraction.m in Sources */ = {isa = PBXBuildFile; fileRef = 001618D41BE99DAB00D120CF /* SQSFraction.m */; };
		001618D91BE99DCE00D120CF /* WCFractionSpec.m in Sources */ = {isa = PBXBuildFile; fileRef = 001618D81BE99DCE00D120CF /* WCFractionSpec.m */; };
		001618DC1BE9A13C00D120CF /* WCFraction.m in Sources */ = {isa = PBXBuildFile; fileRef = 001618DB1BE9A13C00D120CF /* WCFraction.m */; };
		00AC2F361BE8538B00C1277F /* main.m in Sources */ = {isa = PBXBuildFile; fileRef = 00AC2F351BE8538B00C1277F /* main.m */; };
		00AC2F391BE8538B00C1277F /* AppDelegate.m in Sources */ = {isa = PBXBuildFile; fileRef = 00AC2F381BE8538B00C1277F /* AppDelegate.m */; };
		00AC2F3C1BE8538B00C1277F /* ViewController.m in Sources */ = {isa = PBXBuildFile; fileRef = 00AC2F3B1BE8538B00C1277F /* ViewController.m */; };
		00AC2F3F1BE8538B00C1277F /* Main.storyboard in Resources */ = {isa = PBXBuildFile; fileRef = 00AC2F3D1BE8538B00C1277F /* Main.storyboard */; };
		00AC2F411BE8538B00C1277F /* Assets.xcassets in Resources */ = {isa = PBXBuildFile; fileRef = 00AC2F401BE8538B00C1277F /* Assets.xcassets */; };
		00AC2F441BE8538B00C1277F /* LaunchScreen.storyboard in Resources */ = {isa = PBXBuildFile; fileRef = 00AC2F421BE8538B00C1277F /* LaunchScreen.storyboard */; };
		00AC2F4F1BE8538B00C1277F /* WainscotTests.m in Sources */ = {isa = PBXBuildFile; fileRef = 00AC2F4E1BE8538B00C1277F /* WainscotTests.m */; };
		00AC2F5A1BE8538B00C1277F /* WainscotUITests.m in Sources */ = {isa = PBXBuildFile; fileRef = 00AC2F591BE8538B00C1277F /* WainscotUITests.m */; };
		237ED2C9F540608FF75841E5 /* libPods-WainscotTests.a in Frameworks */ = {isa = PBXBuildFile; fileRef = D2980BB7649F79588211057B /* libPods-WainscotTests.a */; };
/* End PBXBuildFile section */

/* Begin PBXContainerItemProxy section */
		00AC2F4B1BE8538B00C1277F /* PBXContainerItemProxy */ = {
			isa = PBXContainerItemProxy;
			containerPortal = 00AC2F291BE8538B00C1277F /* Project object */;
			proxyType = 1;
			remoteGlobalIDString = 00AC2F301BE8538B00C1277F;
			remoteInfo = Wainscot;
		};
		00AC2F561BE8538B00C1277F /* PBXContainerItemProxy */ = {
			isa = PBXContainerItemProxy;
			containerPortal = 00AC2F291BE8538B00C1277F /* Project object */;
			proxyType = 1;
			remoteGlobalIDString = 00AC2F301BE8538B00C1277F;
			remoteInfo = Wainscot;
		};
/* End PBXContainerItemProxy section */

/* Begin PBXFileReference section */
		000C737B1BE85503008A3456 /* WCComputedMeasurement.h */ = {isa = PBXFileReference; fileEncoding = 4; lastKnownFileType = sourcecode.c.h; path = WCComputedMeasurement.h; sourceTree = "<group>"; };
		000C737C1BE85503008A3456 /* WCComputedMeasurement.m */ = {isa = PBXFileReference; fileEncoding = 4; lastKnownFileType = sourcecode.c.objc; path = WCComputedMeasurement.m; sourceTree = "<group>"; };
		000C737E1BE85596008A3456 /* WCComputedMeasurementSpec.m */ = {isa = PBXFileReference; fileEncoding = 4; lastKnownFileType = sourcecode.c.objc; path = WCComputedMeasurementSpec.m; sourceTree = "<group>"; };
		001618D01BE99DAB00D120CF /* NSDecimalNumber+SQSFraction.h */ = {isa = PBXFileReference; fileEncoding = 4; lastKnownFileType = sourcecode.c.h; path = "NSDecimalNumber+SQSFraction.h"; sourceTree = "<group>"; };
		001618D11BE99DAB00D120CF /* NSDecimalNumber+SQSFraction.m */ = {isa = PBXFileReference; fileEncoding = 4; lastKnownFileType = sourcecode.c.objc; path = "NSDecimalNumber+SQSFraction.m"; sourceTree = "<group>"; };
		001618D31BE99DAB00D120CF /* SQSFraction.h */ = {isa = PBXFileReference; fileEncoding = 4; lastKnownFileType = sourcecode.c.h; path = SQSFraction.h; sourceTree = "<group>"; };
		001618D41BE99DAB00D120CF /* SQSFraction.m */ = {isa = PBXFileReference; fileEncoding = 4; lastKnownFileType = sourcecode.c.objc; path = SQSFraction.m; sourceTree = "<group>"; };
		001618D81BE99DCE00D120CF /* WCFractionSpec.m */ = {isa = PBXFileReference; fileEncoding = 4; lastKnownFileType = sourcecode.c.objc; path = WCFractionSpec.m; sourceTree = "<group>"; };
		001618DA1BE9A13C00D120CF /* WCFraction.h */ = {isa = PBXFileReference; fileEncoding = 4; lastKnownFileType = sourcecode.c.h; path = WCFraction.h; sourceTree = "<group>"; };
		001618DB1BE9A13C00D120CF /* WCFraction.m */ = {isa = PBXFileReference; fileEncoding = 4; lastKnownFileType = sourcecode.c.objc; path = WCFraction.m; sourceTree = "<group>"; };
		00AC2F311BE8538B00C1277F /* Wainscot.app */ = {isa = PBXFileReference; explicitFileType = wrapper.application; includeInIndex = 0; path = Wainscot.app; sourceTree = BUILT_PRODUCTS_DIR; };
		00AC2F351BE8538B00C1277F /* main.m */ = {isa = PBXFileReference; lastKnownFileType = sourcecode.c.objc; path = main.m; sourceTree = "<group>"; };
		00AC2F371BE8538B00C1277F /* AppDelegate.h */ = {isa = PBXFileReference; lastKnownFileType = sourcecode.c.h; path = AppDelegate.h; sourceTree = "<group>"; };
		00AC2F381BE8538B00C1277F /* AppDelegate.m */ = {isa = PBXFileReference; lastKnownFileType = sourcecode.c.objc; path = AppDelegate.m; sourceTree = "<group>"; };
		00AC2F3A1BE8538B00C1277F /* ViewController.h */ = {isa = PBXFileReference; lastKnownFileType = sourcecode.c.h; path = ViewController.h; sourceTree = "<group>"; };
		00AC2F3B1BE8538B00C1277F /* ViewController.m */ = {isa = PBXFileReference; lastKnownFileType = sourcecode.c.objc; path = ViewController.m; sourceTree = "<group>"; };
		00AC2F3E1BE8538B00C1277F /* Base */ = {isa = PBXFileReference; lastKnownFileType = file.storyboard; name = Base; path = Base.lproj/Main.storyboard; sourceTree = "<group>"; };
		00AC2F401BE8538B00C1277F /* Assets.xcassets */ = {isa = PBXFileReference; lastKnownFileType = folder.assetcatalog; path = Assets.xcassets; sourceTree = "<group>"; };
		00AC2F431BE8538B00C1277F /* Base */ = {isa = PBXFileReference; lastKnownFileType = file.storyboard; name = Base; path = Base.lproj/LaunchScreen.storyboard; sourceTree = "<group>"; };
		00AC2F451BE8538B00C1277F /* Info.plist */ = {isa = PBXFileReference; lastKnownFileType = text.plist.xml; path = Info.plist; sourceTree = "<group>"; };
		00AC2F4A1BE8538B00C1277F /* WainscotTests.xctest */ = {isa = PBXFileReference; explicitFileType = wrapper.cfbundle; includeInIndex = 0; path = WainscotTests.xctest; sourceTree = BUILT_PRODUCTS_DIR; };
		00AC2F4E1BE8538B00C1277F /* WainscotTests.m */ = {isa = PBXFileReference; lastKnownFileType = sourcecode.c.objc; path = WainscotTests.m; sourceTree = "<group>"; };
		00AC2F501BE8538B00C1277F /* Info.plist */ = {isa = PBXFileReference; lastKnownFileType = text.plist.xml; path = Info.plist; sourceTree = "<group>"; };
		00AC2F551BE8538B00C1277F /* WainscotUITests.xctest */ = {isa = PBXFileReference; explicitFileType = wrapper.cfbundle; includeInIndex = 0; path = WainscotUITests.xctest; sourceTree = BUILT_PRODUCTS_DIR; };
		00AC2F591BE8538B00C1277F /* WainscotUITests.m */ = {isa = PBXFileReference; lastKnownFileType = sourcecode.c.objc; path = WainscotUITests.m; sourceTree = "<group>"; };
		00AC2F5B1BE8538B00C1277F /* Info.plist */ = {isa = PBXFileReference; lastKnownFileType = text.plist.xml; path = Info.plist; sourceTree = "<group>"; };
		29D0DBB8EEE5C946770C161D /* Pods-WainscotTests.release.xcconfig */ = {isa = PBXFileReference; includeInIndex = 1; lastKnownFileType = text.xcconfig; name = "Pods-WainscotTests.release.xcconfig"; path = "Pods/Target Support Files/Pods-WainscotTests/Pods-WainscotTests.release.xcconfig"; sourceTree = "<group>"; };
		6EC576DDFD95C9E91AE322D4 /* Pods-WainscotTests.debug.xcconfig */ = {isa = PBXFileReference; includeInIndex = 1; lastKnownFileType = text.xcconfig; name = "Pods-WainscotTests.debug.xcconfig"; path = "Pods/Target Support Files/Pods-WainscotTests/Pods-WainscotTests.debug.xcconfig"; sourceTree = "<group>"; };
		D2980BB7649F79588211057B /* libPods-WainscotTests.a */ = {isa = PBXFileReference; explicitFileType = archive.ar; includeInIndex = 0; path = "libPods-WainscotTests.a"; sourceTree = BUILT_PRODUCTS_DIR; };
/* End PBXFileReference section */

/* Begin PBXFrameworksBuildPhase section */
		00AC2F2E1BE8538B00C1277F /* Frameworks */ = {
			isa = PBXFrameworksBuildPhase;
			buildActionMask = 2147483647;
			files = (
			);
			runOnlyForDeploymentPostprocessing = 0;
		};
		00AC2F471BE8538B00C1277F /* Frameworks */ = {
			isa = PBXFrameworksBuildPhase;
			buildActionMask = 2147483647;
			files = (
				237ED2C9F540608FF75841E5 /* libPods-WainscotTests.a in Frameworks */,
			);
			runOnlyForDeploymentPostprocessing = 0;
		};
		00AC2F521BE8538B00C1277F /* Frameworks */ = {
			isa = PBXFrameworksBuildPhase;
			buildActionMask = 2147483647;
			files = (
			);
			runOnlyForDeploymentPostprocessing = 0;
		};
/* End PBXFrameworksBuildPhase section */

/* Begin PBXGroup section */
		001618CF1BE99DAB00D120CF /* SQSFraction */ = {
			isa = PBXGroup;
			children = (
				001618D01BE99DAB00D120CF /* NSDecimalNumber+SQSFraction.h */,
				001618D11BE99DAB00D120CF /* NSDecimalNumber+SQSFraction.m */,
				001618D31BE99DAB00D120CF /* SQSFraction.h */,
				001618D41BE99DAB00D120CF /* SQSFraction.m */,
			);
			path = SQSFraction;
			sourceTree = "<group>";
		};
		00AC2F281BE8538B00C1277F = {
			isa = PBXGroup;
			children = (
				00AC2F331BE8538B00C1277F /* Wainscot */,
				00AC2F4D1BE8538B00C1277F /* WainscotTests */,
				00AC2F581BE8538B00C1277F /* WainscotUITests */,
				00AC2F321BE8538B00C1277F /* Products */,
				ED81F1A2EDE779796E172BE0 /* Pods */,
				930C59093D86BD806709D7C4 /* Frameworks */,
			);
			sourceTree = "<group>";
		};
		00AC2F321BE8538B00C1277F /* Products */ = {
			isa = PBXGroup;
			children = (
				00AC2F311BE8538B00C1277F /* Wainscot.app */,
				00AC2F4A1BE8538B00C1277F /* WainscotTests.xctest */,
				00AC2F551BE8538B00C1277F /* WainscotUITests.xctest */,
			);
			name = Products;
			sourceTree = "<group>";
		};
		00AC2F331BE8538B00C1277F /* Wainscot */ = {
			isa = PBXGroup;
			children = (
				001618CF1BE99DAB00D120CF /* SQSFraction */,
				00AC2F371BE8538B00C1277F /* AppDelegate.h */,
				00AC2F381BE8538B00C1277F /* AppDelegate.m */,
				00AC2F3A1BE8538B00C1277F /* ViewController.h */,
				00AC2F3B1BE8538B00C1277F /* ViewController.m */,
				00AC2F3D1BE8538B00C1277F /* Main.storyboard */,
				00AC2F401BE8538B00C1277F /* Assets.xcassets */,
				00AC2F421BE8538B00C1277F /* LaunchScreen.storyboard */,
				00AC2F451BE8538B00C1277F /* Info.plist */,
				00AC2F341BE8538B00C1277F /* Supporting Files */,
				000C737B1BE85503008A3456 /* WCComputedMeasurement.h */,
				000C737C1BE85503008A3456 /* WCComputedMeasurement.m */,
				001618DA1BE9A13C00D120CF /* WCFraction.h */,
				001618DB1BE9A13C00D120CF /* WCFraction.m */,
			);
			path = Wainscot;
			sourceTree = "<group>";
		};
		00AC2F341BE8538B00C1277F /* Supporting Files */ = {
			isa = PBXGroup;
			children = (
				00AC2F351BE8538B00C1277F /* main.m */,
			);
			name = "Supporting Files";
			sourceTree = "<group>";
		};
		00AC2F4D1BE8538B00C1277F /* WainscotTests */ = {
			isa = PBXGroup;
			children = (
				00AC2F4E1BE8538B00C1277F /* WainscotTests.m */,
				00AC2F501BE8538B00C1277F /* Info.plist */,
				000C737E1BE85596008A3456 /* WCComputedMeasurementSpec.m */,
				001618D81BE99DCE00D120CF /* WCFractionSpec.m */,
			);
			path = WainscotTests;
			sourceTree = "<group>";
		};
		00AC2F581BE8538B00C1277F /* WainscotUITests */ = {
			isa = PBXGroup;
			children = (
				00AC2F591BE8538B00C1277F /* WainscotUITests.m */,
				00AC2F5B1BE8538B00C1277F /* Info.plist */,
			);
			path = WainscotUITests;
			sourceTree = "<group>";
		};
		930C59093D86BD806709D7C4 /* Frameworks */ = {
			isa = PBXGroup;
			children = (
				D2980BB7649F79588211057B /* libPods-WainscotTests.a */,
			);
			name = Frameworks;
			sourceTree = "<group>";
		};
		ED81F1A2EDE779796E172BE0 /* Pods */ = {
			isa = PBXGroup;
			children = (
				6EC576DDFD95C9E91AE322D4 /* Pods-WainscotTests.debug.xcconfig */,
				29D0DBB8EEE5C946770C161D /* Pods-WainscotTests.release.xcconfig */,
			);
			name = Pods;
			sourceTree = "<group>";
		};
/* End PBXGroup section */

/* Begin PBXNativeTarget section */
		00AC2F301BE8538B00C1277F /* Wainscot */ = {
			isa = PBXNativeTarget;
			buildConfigurationList = 00AC2F5E1BE8538B00C1277F /* Build configuration list for PBXNativeTarget "Wainscot" */;
			buildPhases = (
				00AC2F2D1BE8538B00C1277F /* Sources */,
				00AC2F2E1BE8538B00C1277F /* Frameworks */,
				00AC2F2F1BE8538B00C1277F /* Resources */,
			);
			buildRules = (
			);
			dependencies = (
			);
			name = Wainscot;
			productName = Wainscot;
			productReference = 00AC2F311BE8538B00C1277F /* Wainscot.app */;
			productType = "com.apple.product-type.application";
		};
		00AC2F491BE8538B00C1277F /* WainscotTests */ = {
			isa = PBXNativeTarget;
			buildConfigurationList = 00AC2F611BE8538B00C1277F /* Build configuration list for PBXNativeTarget "WainscotTests" */;
			buildPhases = (
				B6A97E957FA1DA4092E95BDC /* Check Pods Manifest.lock */,
				00AC2F461BE8538B00C1277F /* Sources */,
				00AC2F471BE8538B00C1277F /* Frameworks */,
				00AC2F481BE8538B00C1277F /* Resources */,
				005FC0D77E8BD4A38362941C /* Copy Pods Resources */,
				4B2216EC077EE05EA92D1BA2 /* Embed Pods Frameworks */,
			);
			buildRules = (
			);
			dependencies = (
				00AC2F4C1BE8538B00C1277F /* PBXTargetDependency */,
			);
			name = WainscotTests;
			productName = WainscotTests;
			productReference = 00AC2F4A1BE8538B00C1277F /* WainscotTests.xctest */;
			productType = "com.apple.product-type.bundle.unit-test";
		};
		00AC2F541BE8538B00C1277F /* WainscotUITests */ = {
			isa = PBXNativeTarget;
			buildConfigurationList = 00AC2F641BE8538B00C1277F /* Build configuration list for PBXNativeTarget "WainscotUITests" */;
			buildPhases = (
				00AC2F511BE8538B00C1277F /* Sources */,
				00AC2F521BE8538B00C1277F /* Frameworks */,
				00AC2F531BE8538B00C1277F /* Resources */,
			);
			buildRules = (
			);
			dependencies = (
				00AC2F571BE8538B00C1277F /* PBXTargetDependency */,
			);
			name = WainscotUITests;
			productName = WainscotUITests;
			productReference = 00AC2F551BE8538B00C1277F /* WainscotUITests.xctest */;
			productType = "com.apple.product-type.bundle.ui-testing";
		};
/* End PBXNativeTarget section */

/* Begin PBXProject section */
		00AC2F291BE8538B00C1277F /* Project object */ = {
			isa = PBXProject;
			attributes = {
				LastUpgradeCheck = 0710;
				ORGANIZATIONNAME = "Jeffrey Burt";
				TargetAttributes = {
					00AC2F301BE8538B00C1277F = {
						CreatedOnToolsVersion = 7.1;
					};
					00AC2F491BE8538B00C1277F = {
						CreatedOnToolsVersion = 7.1;
						TestTargetID = 00AC2F301BE8538B00C1277F;
					};
					00AC2F541BE8538B00C1277F = {
						CreatedOnToolsVersion = 7.1;
						TestTargetID = 00AC2F301BE8538B00C1277F;
					};
				};
			};
			buildConfigurationList = 00AC2F2C1BE8538B00C1277F /* Build configuration list for PBXProject "Wainscot" */;
			compatibilityVersion = "Xcode 3.2";
			developmentRegion = English;
			hasScannedForEncodings = 0;
			knownRegions = (
				en,
				Base,
			);
			mainGroup = 00AC2F281BE8538B00C1277F;
			productRefGroup = 00AC2F321BE8538B00C1277F /* Products */;
			projectDirPath = "";
			projectRoot = "";
			targets = (
				00AC2F301BE8538B00C1277F /* Wainscot */,
				00AC2F491BE8538B00C1277F /* WainscotTests */,
				00AC2F541BE8538B00C1277F /* WainscotUITests */,
			);
		};
/* End PBXProject section */

/* Begin PBXResourcesBuildPhase section */
		00AC2F2F1BE8538B00C1277F /* Resources */ = {
			isa = PBXResourcesBuildPhase;
			buildActionMask = 2147483647;
			files = (
				00AC2F441BE8538B00C1277F /* LaunchScreen.storyboard in Resources */,
				00AC2F411BE8538B00C1277F /* Assets.xcassets in Resources */,
				00AC2F3F1BE8538B00C1277F /* Main.storyboard in Resources */,
			);
			runOnlyForDeploymentPostprocessing = 0;
		};
		00AC2F481BE8538B00C1277F /* Resources */ = {
			isa = PBXResourcesBuildPhase;
			buildActionMask = 2147483647;
			files = (
			);
			runOnlyForDeploymentPostprocessing = 0;
		};
		00AC2F531BE8538B00C1277F /* Resources */ = {
			isa = PBXResourcesBuildPhase;
			buildActionMask = 2147483647;
			files = (
			);
			runOnlyForDeploymentPostprocessing = 0;
		};
/* End PBXResourcesBuildPhase section */

/* Begin PBXShellScriptBuildPhase section */
		005FC0D77E8BD4A38362941C /* Copy Pods Resources */ = {
			isa = PBXShellScriptBuildPhase;
			buildActionMask = 2147483647;
			files = (
			);
			inputPaths = (
			);
			name = "Copy Pods Resources";
			outputPaths = (
			);
			runOnlyForDeploymentPostprocessing = 0;
			shellPath = /bin/sh;
			shellScript = "\"${SRCROOT}/Pods/Target Support Files/Pods-WainscotTests/Pods-WainscotTests-resources.sh\"\n";
			showEnvVarsInLog = 0;
		};
		4B2216EC077EE05EA92D1BA2 /* Embed Pods Frameworks */ = {
			isa = PBXShellScriptBuildPhase;
			buildActionMask = 2147483647;
			files = (
			);
			inputPaths = (
			);
			name = "Embed Pods Frameworks";
			outputPaths = (
			);
			runOnlyForDeploymentPostprocessing = 0;
			shellPath = /bin/sh;
			shellScript = "\"${SRCROOT}/Pods/Target Support Files/Pods-WainscotTests/Pods-WainscotTests-frameworks.sh\"\n";
			showEnvVarsInLog = 0;
		};
		B6A97E957FA1DA4092E95BDC /* Check Pods Manifest.lock */ = {
			isa = PBXShellScriptBuildPhase;
			buildActionMask = 2147483647;
			files = (
			);
			inputPaths = (
			);
			name = "Check Pods Manifest.lock";
			outputPaths = (
			);
			runOnlyForDeploymentPostprocessing = 0;
			shellPath = /bin/sh;
			shellScript = "diff \"${PODS_ROOT}/../Podfile.lock\" \"${PODS_ROOT}/Manifest.lock\" > /dev/null\nif [[ $? != 0 ]] ; then\n    cat << EOM\nerror: The sandbox is not in sync with the Podfile.lock. Run 'pod install' or update your CocoaPods installation.\nEOM\n    exit 1\nfi\n";
			showEnvVarsInLog = 0;
		};
/* End PBXShellScriptBuildPhase section */

/* Begin PBXSourcesBuildPhase section */
		00AC2F2D1BE8538B00C1277F /* Sources */ = {
			isa = PBXSourcesBuildPhase;
			buildActionMask = 2147483647;
			files = (
				00AC2F3C1BE8538B00C1277F /* ViewController.m in Sources */,
				00AC2F391BE8538B00C1277F /* AppDelegate.m in Sources */,
				00AC2F361BE8538B00C1277F /* main.m in Sources */,
				001618D61BE99DAB00D120CF /* SQSFraction.m in Sources */,
				001618D51BE99DAB00D120CF /* NSDecimalNumber+SQSFraction.m in Sources */,
				001618DC1BE9A13C00D120CF /* WCFraction.m in Sources */,
				000C737D1BE85503008A3456 /* WCComputedMeasurement.m in Sources */,
			);
			runOnlyForDeploymentPostprocessing = 0;
		};
		00AC2F461BE8538B00C1277F /* Sources */ = {
			isa = PBXSourcesBuildPhase;
			buildActionMask = 2147483647;
			files = (
				000C737F1BE85596008A3456 /* WCComputedMeasurementSpec.m in Sources */,
				001618D91BE99DCE00D120CF /* WCFractionSpec.m in Sources */,
				00AC2F4F1BE8538B00C1277F /* WainscotTests.m in Sources */,
			);
			runOnlyForDeploymentPostprocessing = 0;
		};
		00AC2F511BE8538B00C1277F /* Sources */ = {
			isa = PBXSourcesBuildPhase;
			buildActionMask = 2147483647;
			files = (
				00AC2F5A1BE8538B00C1277F /* WainscotUITests.m in Sources */,
			);
			runOnlyForDeploymentPostprocessing = 0;
		};
/* End PBXSourcesBuildPhase section */

/* Begin PBXTargetDependency section */
		00AC2F4C1BE8538B00C1277F /* PBXTargetDependency */ = {
			isa = PBXTargetDependency;
			target = 00AC2F301BE8538B00C1277F /* Wainscot */;
			targetProxy = 00AC2F4B1BE8538B00C1277F /* PBXContainerItemProxy */;
		};
		00AC2F571BE8538B00C1277F /* PBXTargetDependency */ = {
			isa = PBXTargetDependency;
			target = 00AC2F301BE8538B00C1277F /* Wainscot */;
			targetProxy = 00AC2F561BE8538B00C1277F /* PBXContainerItemProxy */;
		};
/* End PBXTargetDependency section */

/* Begin PBXVariantGroup section */
		00AC2F3D1BE8538B00C1277F /* Main.storyboard */ = {
			isa = PBXVariantGroup;
			children = (
				00AC2F3E1BE8538B00C1277F /* Base */,
			);
			name = Main.storyboard;
			sourceTree = "<group>";
		};
		00AC2F421BE8538B00C1277F /* LaunchScreen.storyboard */ = {
			isa = PBXVariantGroup;
			children = (
				00AC2F431BE8538B00C1277F /* Base */,
			);
			name = LaunchScreen.storyboard;
			sourceTree = "<group>";
		};
/* End PBXVariantGroup section */

/* Begin XCBuildConfiguration section */
		00AC2F5C1BE8538B00C1277F /* Debug */ = {
			isa = XCBuildConfiguration;
			buildSettings = {
				ALWAYS_SEARCH_USER_PATHS = NO;
				CLANG_CXX_LANGUAGE_STANDARD = "gnu++0x";
				CLANG_CXX_LIBRARY = "libc++";
				CLANG_ENABLE_MODULES = YES;
				CLANG_ENABLE_OBJC_ARC = YES;
				CLANG_WARN_BOOL_CONVERSION = YES;
				CLANG_WARN_CONSTANT_CONVERSION = YES;
				CLANG_WARN_DIRECT_OBJC_ISA_USAGE = YES_ERROR;
				CLANG_WARN_EMPTY_BODY = YES;
				CLANG_WARN_ENUM_CONVERSION = YES;
				CLANG_WARN_INT_CONVERSION = YES;
				CLANG_WARN_OBJC_ROOT_CLASS = YES_ERROR;
				CLANG_WARN_UNREACHABLE_CODE = YES;
				CLANG_WARN__DUPLICATE_METHOD_MATCH = YES;
				"CODE_SIGN_IDENTITY[sdk=iphoneos*]" = "iPhone Developer";
				COPY_PHASE_STRIP = NO;
				DEBUG_INFORMATION_FORMAT = dwarf;
				ENABLE_STRICT_OBJC_MSGSEND = YES;
				ENABLE_TESTABILITY = YES;
				GCC_C_LANGUAGE_STANDARD = gnu99;
				GCC_DYNAMIC_NO_PIC = NO;
				GCC_NO_COMMON_BLOCKS = YES;
				GCC_OPTIMIZATION_LEVEL = 0;
				GCC_PREPROCESSOR_DEFINITIONS = (
					"DEBUG=1",
					"$(inherited)",
				);
				GCC_WARN_64_TO_32_BIT_CONVERSION = YES;
				GCC_WARN_ABOUT_RETURN_TYPE = YES_ERROR;
				GCC_WARN_UNDECLARED_SELECTOR = YES;
				GCC_WARN_UNINITIALIZED_AUTOS = YES_AGGRESSIVE;
				GCC_WARN_UNUSED_FUNCTION = YES;
				GCC_WARN_UNUSED_VARIABLE = YES;
				IPHONEOS_DEPLOYMENT_TARGET = 9.1;
				MTL_ENABLE_DEBUG_INFO = YES;
				ONLY_ACTIVE_ARCH = YES;
				SDKROOT = iphoneos;
			};
			name = Debug;
		};
		00AC2F5D1BE8538B00C1277F /* Release */ = {
			isa = XCBuildConfiguration;
			buildSettings = {
				ALWAYS_SEARCH_USER_PATHS = NO;
				CLANG_CXX_LANGUAGE_STANDARD = "gnu++0x";
				CLANG_CXX_LIBRARY = "libc++";
				CLANG_ENABLE_MODULES = YES;
				CLANG_ENABLE_OBJC_ARC = YES;
				CLANG_WARN_BOOL_CONVERSION = YES;
				CLANG_WARN_CONSTANT_CONVERSION = YES;
				CLANG_WARN_DIRECT_OBJC_ISA_USAGE = YES_ERROR;
				CLANG_WARN_EMPTY_BODY = YES;
				CLANG_WARN_ENUM_CONVERSION = YES;
				CLANG_WARN_INT_CONVERSION = YES;
				CLANG_WARN_OBJC_ROOT_CLASS = YES_ERROR;
				CLANG_WARN_UNREACHABLE_CODE = YES;
				CLANG_WARN__DUPLICATE_METHOD_MATCH = YES;
				"CODE_SIGN_IDENTITY[sdk=iphoneos*]" = "iPhone Developer";
				COPY_PHASE_STRIP = NO;
				DEBUG_INFORMATION_FORMAT = "dwarf-with-dsym";
				ENABLE_NS_ASSERTIONS = NO;
				ENABLE_STRICT_OBJC_MSGSEND = YES;
				GCC_C_LANGUAGE_STANDARD = gnu99;
				GCC_NO_COMMON_BLOCKS = YES;
				GCC_WARN_64_TO_32_BIT_CONVERSION = YES;
				GCC_WARN_ABOUT_RETURN_TYPE = YES_ERROR;
				GCC_WARN_UNDECLARED_SELECTOR = YES;
				GCC_WARN_UNINITIALIZED_AUTOS = YES_AGGRESSIVE;
				GCC_WARN_UNUSED_FUNCTION = YES;
				GCC_WARN_UNUSED_VARIABLE = YES;
				IPHONEOS_DEPLOYMENT_TARGET = 9.1;
				MTL_ENABLE_DEBUG_INFO = NO;
				SDKROOT = iphoneos;
				VALIDATE_PRODUCT = YES;
			};
			name = Release;
		};
		00AC2F5F1BE8538B00C1277F /* Debug */ = {
			isa = XCBuildConfiguration;
			buildSettings = {
				ASSETCATALOG_COMPILER_APPICON_NAME = AppIcon;
				INFOPLIST_FILE = Wainscot/Info.plist;
				LD_RUNPATH_SEARCH_PATHS = "$(inherited) @executable_path/Frameworks";
				PRODUCT_BUNDLE_IDENTIFIER = self.Wainscot;
				PRODUCT_NAME = "$(TARGET_NAME)";
			};
			name = Debug;
		};
		00AC2F601BE8538B00C1277F /* Release */ = {
			isa = XCBuildConfiguration;
			buildSettings = {
				ASSETCATALOG_COMPILER_APPICON_NAME = AppIcon;
				INFOPLIST_FILE = Wainscot/Info.plist;
				LD_RUNPATH_SEARCH_PATHS = "$(inherited) @executable_path/Frameworks";
				PRODUCT_BUNDLE_IDENTIFIER = self.Wainscot;
				PRODUCT_NAME = "$(TARGET_NAME)";
			};
			name = Release;
		};
		00AC2F621BE8538B00C1277F /* Debug */ = {
			isa = XCBuildConfiguration;
			baseConfigurationReference = 6EC576DDFD95C9E91AE322D4 /* Pods-WainscotTests.debug.xcconfig */;
			buildSettings = {
				BUNDLE_LOADER = "$(TEST_HOST)";
				INFOPLIST_FILE = WainscotTests/Info.plist;
				LD_RUNPATH_SEARCH_PATHS = "$(inherited) @executable_path/Frameworks @loader_path/Frameworks";
				PRODUCT_BUNDLE_IDENTIFIER = self.WainscotTests;
				PRODUCT_NAME = "$(TARGET_NAME)";
				TEST_HOST = "$(BUILT_PRODUCTS_DIR)/Wainscot.app/Wainscot";
			};
			name = Debug;
		};
		00AC2F631BE8538B00C1277F /* Release */ = {
			isa = XCBuildConfiguration;
			baseConfigurationReference = 29D0DBB8EEE5C946770C161D /* Pods-WainscotTests.release.xcconfig */;
			buildSettings = {
				BUNDLE_LOADER = "$(TEST_HOST)";
				INFOPLIST_FILE = WainscotTests/Info.plist;
				LD_RUNPATH_SEARCH_PATHS = "$(inherited) @executable_path/Frameworks @loader_path/Frameworks";
				PRODUCT_BUNDLE_IDENTIFIER = self.WainscotTests;
				PRODUCT_NAME = "$(TARGET_NAME)";
				TEST_HOST = "$(BUILT_PRODUCTS_DIR)/Wainscot.app/Wainscot";
			};
			name = Release;
		};
		00AC2F651BE8538B00C1277F /* Debug */ = {
			isa = XCBuildConfiguration;
			buildSettings = {
				INFOPLIST_FILE = WainscotUITests/Info.plist;
				LD_RUNPATH_SEARCH_PATHS = "$(inherited) @executable_path/Frameworks @loader_path/Frameworks";
				PRODUCT_BUNDLE_IDENTIFIER = self.WainscotUITests;
				PRODUCT_NAME = "$(TARGET_NAME)";
				TEST_TARGET_NAME = Wainscot;
				USES_XCTRUNNER = YES;
			};
			name = Debug;
		};
		00AC2F661BE8538B00C1277F /* Release */ = {
			isa = XCBuildConfiguration;
			buildSettings = {
				INFOPLIST_FILE = WainscotUITests/Info.plist;
				LD_RUNPATH_SEARCH_PATHS = "$(inherited) @executable_path/Frameworks @loader_path/Frameworks";
				PRODUCT_BUNDLE_IDENTIFIER = self.WainscotUITests;
				PRODUCT_NAME = "$(TARGET_NAME)";
				TEST_TARGET_NAME = Wainscot;
				USES_XCTRUNNER = YES;
			};
			name = Release;
		};
/* End XCBuildConfiguration section */

/* Begin XCConfigurationList section */
		00AC2F2C1BE8538B00C1277F /* Build configuration list for PBXProject "Wainscot" */ = {
			isa = XCConfigurationList;
			buildConfigurations = (
				00AC2F5C1BE8538B00C1277F /* Debug */,
				00AC2F5D1BE8538B00C1277F /* Release */,
			);
			defaultConfigurationIsVisible = 0;
			defaultConfigurationName = Release;
		};
		00AC2F5E1BE8538B00C1277F /* Build configuration list for PBXNativeTarget "Wainscot" */ = {
			isa = XCConfigurationList;
			buildConfigurations = (
				00AC2F5F1BE8538B00C1277F /* Debug */,
				00AC2F601BE8538B00C1277F /* Release */,
			);
			defaultConfigurationIsVisible = 0;
			defaultConfigurationName = Release;
		};
		00AC2F611BE8538B00C1277F /* Build configuration list for PBXNativeTarget "WainscotTests" */ = {
			isa = XCConfigurationList;
			buildConfigurations = (
				00AC2F621BE8538B00C1277F /* Debug */,
				00AC2F631BE8538B00C1277F /* Release */,
			);
			defaultConfigurationIsVisible = 0;
			defaultConfigurationName = Release;
		};
		00AC2F641BE8538B00C1277F /* Build configuration list for PBXNativeTarget "WainscotUITests" */ = {
			isa = XCConfigurationList;
			buildConfigurations = (
				00AC2F651BE8538B00C1277F /* Debug */,
				00AC2F661BE8538B00C1277F /* Release */,
			);
			defaultConfigurationIsVisible = 0;
			defaultConfigurationName = Release;
		};
/* End XCConfigurationList section */
	};
	rootObject = 00AC2F291BE8538B00C1277F /* Project object */;
}
